
Microsoft Visual Studio Solution File, Format Version 12.00
# Visual Studio Version 17
VisualStudioVersion = 17.0.32014.148
MinimumVisualStudioVersion = 10.0.40219.1
Project("{FAE04EC0-301F-11D3-BF4B-00C04F79EFBC}") = "FinanceCalculator", "FinanceCalculator\FinanceCalculator.csproj", "{B48E7376-81E4-4769-A9E6-D7F2F7B5C32D}"
EndProject
Global
	GlobalSection(SolutionConfigurationPlatforms) = preSolution
		Debug|Any CPU = Debug|Any CPU
		Release|Any CPU = Release|Any CPU
	EndGlobalSection
	GlobalSection(ProjectConfigurationPlatforms) = postSolution
		{B48E7376-81E4-4769-A9E6-D7F2F7B5C32D}.Debug|Any CPU.ActiveCfg = Debug|Any CPU
		{B48E7376-81E4-4769-A9E6-D7F2F7B5C32D}.Debug|Any CPU.Build.0 = Debug|Any CPU
		{B48E7376-81E4-4769-A9E6-D7F2F7B5C32D}.Release|Any CPU.ActiveCfg = Release|Any CPU
		{B48E7376-81E4-4769-A9E6-D7F2F7B5C32D}.Release|Any CPU.Build.0 = Release|Any CPU
	EndGlobalSection
	GlobalSection(SolutionProperties) = preSolution
		HideSolutionNode = FALSE
	EndGlobalSection
	GlobalSection(ExtensibilityGlobals) = postSolution
		SolutionGuid = {9DDBCC6D-84A9-4748-8878-06410C63A6A7}
	EndGlobalSection
EndGlobal
